<?xml version="1.0" encoding="utf-8"?>
<Project ToolsVersion="4.0" xmlns="http://schemas.microsoft.com/developer/msbuild/2003">
  <ItemGroup>
    <Filter Include="IsoMap">
      <UniqueIdentifier>{2a57513b-cbbd-4a2f-9708-f8a5b6b5bfcb}</UniqueIdentifier>
    </Filter>
    <Filter Include="InGame">
      <UniqueIdentifier>{45f23b96-a8a2-4faf-b5fe-223f9e01661f}</UniqueIdentifier>
    </Filter>
    <Filter Include="GameMapData">
      <UniqueIdentifier>{2c089014-14b0-4308-903f-ec962f4adc5c}</UniqueIdentifier>
    </Filter>
    <Filter Include="InGame\Bird">
      <UniqueIdentifier>{99e23ecc-2d2e-44bd-a025-f9ec7181b954}</UniqueIdentifier>
    </Filter>
  </ItemGroup>
  <ItemGroup>
    <ClInclude Include="IsoMap_Editor.h">
      <Filter>IsoMap</Filter>
    </ClInclude>
    <ClInclude Include="IsoMap_Renderer.h">
      <Filter>IsoMap</Filter>
    </ClInclude>
    <ClInclude Include="Panza.h">
      <Filter>InGame</Filter>
    </ClInclude>
    <ClInclude Include="Bottom.h">
      <Filter>InGame</Filter>
    </ClInclude>
    <ClInclude Include="GameData.h">
      <Filter>GameMapData</Filter>
    </ClInclude>
    <ClInclude Include="Container_Class.h" />
    <ClInclude Include="Pig.h">
      <Filter>InGame</Filter>
    </ClInclude>
    <ClInclude Include="Bomb.h">
      <Filter>InGame</Filter>
    </ClInclude>
    <ClInclude Include="Grass.h">
      <Filter>InGame</Filter>
    </ClInclude>
    <ClInclude Include="Bird.h">
      <Filter>InGame\Bird</Filter>
    </ClInclude>
    <ClInclude Include="Bird_Launcher.h">
      <Filter>InGame\Bird</Filter>
    </ClInclude>
  </ItemGroup>
  <ItemGroup>
    <ClCompile Include="IsoMap_Editor.cpp">
      <Filter>IsoMap</Filter>
    </ClCompile>
    <ClCompile Include="IsoMap_Renderer.cpp">
      <Filter>IsoMap</Filter>
    </ClCompile>
    <ClCompile Include="Panza.cpp">
      <Filter>InGame</Filter>
    </ClCompile>
    <ClCompile Include="Bottom.cpp">
      <Filter>InGame</Filter>
    </ClCompile>
    <ClCompile Include="Container_Class.cpp" />
    <ClCompile Include="Pig.cpp">
      <Filter>InGame</Filter>
    </ClCompile>
    <ClCompile Include="Bomb.cpp">
      <Filter>InGame</Filter>
    </ClCompile>
    <ClCompile Include="Grass.cpp">
      <Filter>InGame</Filter>
    </ClCompile>
    <ClCompile Include="Bird.cpp">
      <Filter>InGame\Bird</Filter>
    </ClCompile>
    <ClCompile Include="Bird_Launcher.cpp">
      <Filter>InGame\Bird</Filter>
    </ClCompile>
    <ClCompile Include="Bird_Activate.cpp">
      <Filter>InGame\Bird</Filter>
    </ClCompile>
    <ClCompile Include="Map_Data.cpp">
      <Filter>GameMapData</Filter>
    </ClCompile>
    <ClCompile Include="User_Data.cpp">
      <Filter>GameMapData</Filter>
    </ClCompile>
  </ItemGroup>
</Project>